
Microsoft Visual Studio Solution File, Format Version 12.00
# Visual Studio 2013
VisualStudioVersion = 12.0.30723.0
MinimumVisualStudioVersion = 10.0.40219.1
Project("{F2A71F9B-5D33-465A-A702-920D77279786}") = "DemoRTypeProvider", "DemoRTypeProvider.fsproj", "{AD534C65-392A-4002-BE70-3E6FB6367A3E}"
EndProject
Global
	GlobalSection(SolutionConfigurationPlatforms) = preSolution
		Debug|Any CPU = Debug|Any CPU
		Release|Any CPU = Release|Any CPU
	EndGlobalSection
	GlobalSection(ProjectConfigurationPlatforms) = postSolution
		{AD534C65-392A-4002-BE70-3E6FB6367A3E}.Debug|Any CPU.ActiveCfg = Debug|Any CPU
		{AD534C65-392A-4002-BE70-3E6FB6367A3E}.Debug|Any CPU.Build.0 = Debug|Any CPU
		{AD534C65-392A-4002-BE70-3E6FB6367A3E}.Release|Any CPU.ActiveCfg = Release|Any CPU
		{AD534C65-392A-4002-BE70-3E6FB6367A3E}.Release|Any CPU.Build.0 = Release|Any CPU
	EndGlobalSection
	GlobalSection(SolutionProperties) = preSolution
		HideSolutionNode = FALSE
	EndGlobalSection
EndGlobal
